// !$*UTF8*$!
{
	archiveVersion = 1;
	classes = {
	};
	objectVersion = 56;
	objects = {

/* Begin PBXBuildFile section */
		95DDD0E5C9048B94A9B5D4A0 /* Pods_Skyapp.framework in Frameworks */ = {isa = PBXBuildFile; fileRef = 0FE8316D857262F02666A3B6 /* Pods_Skyapp.framework */; };
		EB0AA3C829005E9C00528C4D /* cmara_icon.png in Resources */ = {isa = PBXBuildFile; fileRef = EB0AA3C529005E9C00528C4D /* cmara_icon.png */; };
		EB0AA3C929005E9C00528C4D /* cmara_icon@3x.png in Resources */ = {isa = PBXBuildFile; fileRef = EB0AA3C629005E9C00528C4D /* cmara_icon@3x.png */; };
		EB0AA3CA29005E9C00528C4D /* cmara_icon@2x.png in Resources */ = {isa = PBXBuildFile; fileRef = EB0AA3C729005E9C00528C4D /* cmara_icon@2x.png */; };
		EB0AA3CE290239D800528C4D /* user_profile.png in Resources */ = {isa = PBXBuildFile; fileRef = EB0AA3CB290239D800528C4D /* user_profile.png */; };
		EB0AA3CF290239D800528C4D /* user_profile@2x.png in Resources */ = {isa = PBXBuildFile; fileRef = EB0AA3CC290239D800528C4D /* user_profile@2x.png */; };
		EB0AA3D0290239D800528C4D /* user_profile@3x.png in Resources */ = {isa = PBXBuildFile; fileRef = EB0AA3CD290239D800528C4D /* user_profile@3x.png */; };
		EB0AA3D229023B1000528C4D /* ProfileViewController.swift in Sources */ = {isa = PBXBuildFile; fileRef = EB0AA3D129023B1000528C4D /* ProfileViewController.swift */; };
		EB0AA3D4290246BE00528C4D /* IconCollectionViewCell.swift in Sources */ = {isa = PBXBuildFile; fileRef = EB0AA3D3290246BE00528C4D /* IconCollectionViewCell.swift */; };
		EB1CB28328FF476D00EE3C0F /* ReportsListViewController.swift in Sources */ = {isa = PBXBuildFile; fileRef = EB1CB28228FF476D00EE3C0F /* ReportsListViewController.swift */; };
		EB1CB28528FF4C9000EE3C0F /* SwiftUIAdapter.swift in Sources */ = {isa = PBXBuildFile; fileRef = EB1CB28428FF4C9000EE3C0F /* SwiftUIAdapter.swift */; };
		EB1CB28728FF4CD100EE3C0F /* WrappedView.swift in Sources */ = {isa = PBXBuildFile; fileRef = EB1CB28628FF4CD100EE3C0F /* WrappedView.swift */; };
		EB26F54C28FB399D00AC96AE /* AppDelegate.m in Sources */ = {isa = PBXBuildFile; fileRef = EB26F54B28FB399D00AC96AE /* AppDelegate.m */; };
		EB26F55528FB399E00AC96AE /* Main.storyboard in Resources */ = {isa = PBXBuildFile; fileRef = EB26F55328FB399E00AC96AE /* Main.storyboard */; };
		EB26F55728FB399F00AC96AE /* Assets.xcassets in Resources */ = {isa = PBXBuildFile; fileRef = EB26F55628FB399F00AC96AE /* Assets.xcassets */; };
		EB26F55A28FB399F00AC96AE /* LaunchScreen.storyboard in Resources */ = {isa = PBXBuildFile; fileRef = EB26F55828FB399F00AC96AE /* LaunchScreen.storyboard */; };
		EB26F55D28FB399F00AC96AE /* main.m in Sources */ = {isa = PBXBuildFile; fileRef = EB26F55C28FB399F00AC96AE /* main.m */; };
		EB26F56C28FB3A8400AC96AE /* ReportViewController.swift in Sources */ = {isa = PBXBuildFile; fileRef = EB26F56828FB3A8400AC96AE /* ReportViewController.swift */; };
		EB26F56D28FB3A8400AC96AE /* CameraCompassViewController.swift in Sources */ = {isa = PBXBuildFile; fileRef = EB26F56928FB3A8400AC96AE /* CameraCompassViewController.swift */; };
		EB26F56E28FB3A8400AC96AE /* MapViewController.swift in Sources */ = {isa = PBXBuildFile; fileRef = EB26F56A28FB3A8400AC96AE /* MapViewController.swift */; };
		EB26F56F28FB3A8400AC96AE /* FormerReportsViewController.swift in Sources */ = {isa = PBXBuildFile; fileRef = EB26F56B28FB3A8400AC96AE /* FormerReportsViewController.swift */; };
		EB26F57928FB3A9600AC96AE /* Services.m in Sources */ = {isa = PBXBuildFile; fileRef = EB26F57028FB3A9600AC96AE /* Services.m */; };
		EB26F57A28FB3A9600AC96AE /* Functions.m in Sources */ = {isa = PBXBuildFile; fileRef = EB26F57128FB3A9600AC96AE /* Functions.m */; };
		EB26F57B28FB3A9600AC96AE /* Report.m in Sources */ = {isa = PBXBuildFile; fileRef = EB26F57228FB3A9600AC96AE /* Report.m */; };
		EB26F57C28FB3A9600AC96AE /* User.m in Sources */ = {isa = PBXBuildFile; fileRef = EB26F57328FB3A9600AC96AE /* User.m */; };
		EB26F57D28FB3A9600AC96AE /* Artowrk.swift in Sources */ = {isa = PBXBuildFile; fileRef = EB26F57828FB3A9600AC96AE /* Artowrk.swift */; };
		EB26F59628FB3AA000AC96AE /* sun.png in Resources */ = {isa = PBXBuildFile; fileRef = EB26F57E28FB3A9F00AC96AE /* sun.png */; };
		EB26F59728FB3AA000AC96AE /* few-clouds@2x.png in Resources */ = {isa = PBXBuildFile; fileRef = EB26F57F28FB3A9F00AC96AE /* few-clouds@2x.png */; };
		EB26F59828FB3AA000AC96AE /* few-clouds.png in Resources */ = {isa = PBXBuildFile; fileRef = EB26F58028FB3A9F00AC96AE /* few-clouds.png */; };
		EB26F59928FB3AA000AC96AE /* logo_square.png in Resources */ = {isa = PBXBuildFile; fileRef = EB26F58128FB3A9F00AC96AE /* logo_square.png */; };
		EB26F59A28FB3AA000AC96AE /* map_icon@2x.png in Resources */ = {isa = PBXBuildFile; fileRef = EB26F58228FB3A9F00AC96AE /* map_icon@2x.png */; };
		EB26F59B28FB3AA000AC96AE /* comment@2x.png in Resources */ = {isa = PBXBuildFile; fileRef = EB26F58328FB3A9F00AC96AE /* comment@2x.png */; };
		EB26F59C28FB3AA000AC96AE /* map_icon@3x.png in Resources */ = {isa = PBXBuildFile; fileRef = EB26F58428FB3A9F00AC96AE /* map_icon@3x.png */; };
		EB26F59D28FB3AA000AC96AE /* report@2x.png in Resources */ = {isa = PBXBuildFile; fileRef = EB26F58528FB3A9F00AC96AE /* report@2x.png */; };
		EB26F59E28FB3AA000AC96AE /* comment@3x.png in Resources */ = {isa = PBXBuildFile; fileRef = EB26F58628FB3A9F00AC96AE /* comment@3x.png */; };
		EB26F59F28FB3AA000AC96AE /* comment.png in Resources */ = {isa = PBXBuildFile; fileRef = EB26F58728FB3A9F00AC96AE /* comment.png */; };
		EB26F5A028FB3AA000AC96AE /* report.png in Resources */ = {isa = PBXBuildFile; fileRef = EB26F58828FB3AA000AC96AE /* report.png */; };
		EB26F5A128FB3AA000AC96AE /* map_icon.png in Resources */ = {isa = PBXBuildFile; fileRef = EB26F58928FB3AA000AC96AE /* map_icon.png */; };
		EB26F5A228FB3AA000AC96AE /* world_icon.png in Resources */ = {isa = PBXBuildFile; fileRef = EB26F58A28FB3AA000AC96AE /* world_icon.png */; };
		EB26F5A328FB3AA000AC96AE /* camera@3x.png in Resources */ = {isa = PBXBuildFile; fileRef = EB26F58B28FB3AA000AC96AE /* camera@3x.png */; };
		EB26F5A428FB3AA000AC96AE /* cloudy@3x.png in Resources */ = {isa = PBXBuildFile; fileRef = EB26F58C28FB3AA000AC96AE /* cloudy@3x.png */; };
		EB26F5A528FB3AA000AC96AE /* report@3x.png in Resources */ = {isa = PBXBuildFile; fileRef = EB26F58D28FB3AA000AC96AE /* report@3x.png */; };
		EB26F5A628FB3AA000AC96AE /* cloudy.png in Resources */ = {isa = PBXBuildFile; fileRef = EB26F58E28FB3AA000AC96AE /* cloudy.png */; };
		EB26F5A728FB3AA000AC96AE /* cloudy@2x.png in Resources */ = {isa = PBXBuildFile; fileRef = EB26F58F28FB3AA000AC96AE /* cloudy@2x.png */; };
		EB26F5A828FB3AA000AC96AE /* camera.png in Resources */ = {isa = PBXBuildFile; fileRef = EB26F59028FB3AA000AC96AE /* camera.png */; };
		EB26F5A928FB3AA000AC96AE /* sun@3x.png in Resources */ = {isa = PBXBuildFile; fileRef = EB26F59128FB3AA000AC96AE /* sun@3x.png */; };
		EB26F5AA28FB3AA000AC96AE /* weather-icons-set-isolated-white-background-clouds-logo-sign-collection-black-blue-yellow-colors-simple-modern-176834343.jpeg in Resources */ = {isa = PBXBuildFile; fileRef = EB26F59228FB3AA000AC96AE /* weather-icons-set-isolated-white-background-clouds-logo-sign-collection-black-blue-yellow-colors-simple-modern-176834343.jpeg */; };
		EB26F5AB28FB3AA000AC96AE /* sun@2x.png in Resources */ = {isa = PBXBuildFile; fileRef = EB26F59328FB3AA000AC96AE /* sun@2x.png */; };
		EB26F5AC28FB3AA000AC96AE /* camera@2x.png in Resources */ = {isa = PBXBuildFile; fileRef = EB26F59428FB3AA000AC96AE /* camera@2x.png */; };
		EB26F5AD28FB3AA000AC96AE /* few-clouds@3x.png in Resources */ = {isa = PBXBuildFile; fileRef = EB26F59528FB3AA000AC96AE /* few-clouds@3x.png */; };
		EB26F5AF28FB3AA300AC96AE /* ReportCollectionViewCell.swift in Sources */ = {isa = PBXBuildFile; fileRef = EB26F5AE28FB3AA300AC96AE /* ReportCollectionViewCell.swift */; };
		EB26F5B328FB4D7B00AC96AE /* capture_icon.png in Resources */ = {isa = PBXBuildFile; fileRef = EB26F5B028FB4D7B00AC96AE /* capture_icon.png */; };
		EB26F5B428FB4D7B00AC96AE /* capture_icon@3x.png in Resources */ = {isa = PBXBuildFile; fileRef = EB26F5B128FB4D7B00AC96AE /* capture_icon@3x.png */; };
		EB26F5B528FB4D7B00AC96AE /* capture_icon@2x.png in Resources */ = {isa = PBXBuildFile; fileRef = EB26F5B228FB4D7B00AC96AE /* capture_icon@2x.png */; };
		EB26F5B928FB4E4100AC96AE /* change_view@3x.png in Resources */ = {isa = PBXBuildFile; fileRef = EB26F5B628FB4E4100AC96AE /* change_view@3x.png */; };
		EB26F5BA28FB4E4100AC96AE /* change_view.png in Resources */ = {isa = PBXBuildFile; fileRef = EB26F5B728FB4E4100AC96AE /* change_view.png */; };
		EB26F5BB28FB4E4100AC96AE /* change_view@2x.png in Resources */ = {isa = PBXBuildFile; fileRef = EB26F5B828FB4E4100AC96AE /* change_view@2x.png */; };
		EB26F5BE28FB530C00AC96AE /* CompassHeading.swift in Sources */ = {isa = PBXBuildFile; fileRef = EB26F5BC28FB530C00AC96AE /* CompassHeading.swift */; };
		EB26F5BF28FB530C00AC96AE /* ContentView.swift in Sources */ = {isa = PBXBuildFile; fileRef = EB26F5BD28FB530C00AC96AE /* ContentView.swift */; };
		EB74698E2904A8C5003D4314 /* Weathericon.m in Sources */ = {isa = PBXBuildFile; fileRef = EB74698D2904A8C5003D4314 /* Weathericon.m */; };
/* End PBXBuildFile section */

/* Begin PBXFileReference section */
		0FE8316D857262F02666A3B6 /* Pods_Skyapp.framework */ = {isa = PBXFileReference; explicitFileType = wrapper.framework; includeInIndex = 0; path = Pods_Skyapp.framework; sourceTree = BUILT_PRODUCTS_DIR; };
		6312CEDC2DE832900664F4DA /* Pods-Skyapp.debug.xcconfig */ = {isa = PBXFileReference; includeInIndex = 1; lastKnownFileType = text.xcconfig; name = "Pods-Skyapp.debug.xcconfig"; path = "Target Support Files/Pods-Skyapp/Pods-Skyapp.debug.xcconfig"; sourceTree = "<group>"; };
		6B624FB4DE9970138134B71D /* Pods-Skyapp.release.xcconfig */ = {isa = PBXFileReference; includeInIndex = 1; lastKnownFileType = text.xcconfig; name = "Pods-Skyapp.release.xcconfig"; path = "Target Support Files/Pods-Skyapp/Pods-Skyapp.release.xcconfig"; sourceTree = "<group>"; };
		EB0AA3C529005E9C00528C4D /* cmara_icon.png */ = {isa = PBXFileReference; lastKnownFileType = image.png; path = cmara_icon.png; sourceTree = "<group>"; };
		EB0AA3C629005E9C00528C4D /* cmara_icon@3x.png */ = {isa = PBXFileReference; lastKnownFileType = image.png; path = "cmara_icon@3x.png"; sourceTree = "<group>"; };
		EB0AA3C729005E9C00528C4D /* cmara_icon@2x.png */ = {isa = PBXFileReference; lastKnownFileType = image.png; path = "cmara_icon@2x.png"; sourceTree = "<group>"; };
		EB0AA3CB290239D800528C4D /* user_profile.png */ = {isa = PBXFileReference; lastKnownFileType = image.png; path = user_profile.png; sourceTree = "<group>"; };
		EB0AA3CC290239D800528C4D /* user_profile@2x.png */ = {isa = PBXFileReference; lastKnownFileType = image.png; path = "user_profile@2x.png"; sourceTree = "<group>"; };
		EB0AA3CD290239D800528C4D /* user_profile@3x.png */ = {isa = PBXFileReference; lastKnownFileType = image.png; path = "user_profile@3x.png"; sourceTree = "<group>"; };
		EB0AA3D129023B1000528C4D /* ProfileViewController.swift */ = {isa = PBXFileReference; lastKnownFileType = sourcecode.swift; path = ProfileViewController.swift; sourceTree = "<group>"; };
		EB0AA3D3290246BE00528C4D /* IconCollectionViewCell.swift */ = {isa = PBXFileReference; lastKnownFileType = sourcecode.swift; path = IconCollectionViewCell.swift; sourceTree = "<group>"; };
		EB1CB28228FF476D00EE3C0F /* ReportsListViewController.swift */ = {isa = PBXFileReference; lastKnownFileType = sourcecode.swift; path = ReportsListViewController.swift; sourceTree = "<group>"; };
		EB1CB28428FF4C9000EE3C0F /* SwiftUIAdapter.swift */ = {isa = PBXFileReference; lastKnownFileType = sourcecode.swift; path = SwiftUIAdapter.swift; sourceTree = "<group>"; };
		EB1CB28628FF4CD100EE3C0F /* WrappedView.swift */ = {isa = PBXFileReference; lastKnownFileType = sourcecode.swift; path = WrappedView.swift; sourceTree = "<group>"; };
		EB26F54728FB399D00AC96AE /* Skyapp.app */ = {isa = PBXFileReference; explicitFileType = wrapper.application; includeInIndex = 0; path = Skyapp.app; sourceTree = BUILT_PRODUCTS_DIR; };
		EB26F54A28FB399D00AC96AE /* AppDelegate.h */ = {isa = PBXFileReference; lastKnownFileType = sourcecode.c.h; path = AppDelegate.h; sourceTree = "<group>"; };
		EB26F54B28FB399D00AC96AE /* AppDelegate.m */ = {isa = PBXFileReference; lastKnownFileType = sourcecode.c.objc; path = AppDelegate.m; sourceTree = "<group>"; };
		EB26F55428FB399E00AC96AE /* Base */ = {isa = PBXFileReference; lastKnownFileType = file.storyboard; name = Base; path = Base.lproj/Main.storyboard; sourceTree = "<group>"; };
		EB26F55628FB399F00AC96AE /* Assets.xcassets */ = {isa = PBXFileReference; lastKnownFileType = folder.assetcatalog; path = Assets.xcassets; sourceTree = "<group>"; };
		EB26F55928FB399F00AC96AE /* Base */ = {isa = PBXFileReference; lastKnownFileType = file.storyboard; name = Base; path = Base.lproj/LaunchScreen.storyboard; sourceTree = "<group>"; };
		EB26F55B28FB399F00AC96AE /* Info.plist */ = {isa = PBXFileReference; lastKnownFileType = text.plist.xml; path = Info.plist; sourceTree = "<group>"; };
		EB26F55C28FB399F00AC96AE /* main.m */ = {isa = PBXFileReference; lastKnownFileType = sourcecode.c.objc; path = main.m; sourceTree = "<group>"; };
		EB26F56728FB3A8400AC96AE /* Skyapp-Bridging-Header.h */ = {isa = PBXFileReference; lastKnownFileType = sourcecode.c.h; path = "Skyapp-Bridging-Header.h"; sourceTree = "<group>"; };
		EB26F56828FB3A8400AC96AE /* ReportViewController.swift */ = {isa = PBXFileReference; fileEncoding = 4; lastKnownFileType = sourcecode.swift; path = ReportViewController.swift; sourceTree = "<group>"; };
		EB26F56928FB3A8400AC96AE /* CameraCompassViewController.swift */ = {isa = PBXFileReference; fileEncoding = 4; lastKnownFileType = sourcecode.swift; path = CameraCompassViewController.swift; sourceTree = "<group>"; };
		EB26F56A28FB3A8400AC96AE /* MapViewController.swift */ = {isa = PBXFileReference; fileEncoding = 4; lastKnownFileType = sourcecode.swift; path = MapViewController.swift; sourceTree = "<group>"; };
		EB26F56B28FB3A8400AC96AE /* FormerReportsViewController.swift */ = {isa = PBXFileReference; fileEncoding = 4; lastKnownFileType = sourcecode.swift; path = FormerReportsViewController.swift; sourceTree = "<group>"; };
		EB26F57028FB3A9600AC96AE /* Services.m */ = {isa = PBXFileReference; fileEncoding = 4; lastKnownFileType = sourcecode.c.objc; path = Services.m; sourceTree = "<group>"; };
		EB26F57128FB3A9600AC96AE /* Functions.m */ = {isa = PBXFileReference; fileEncoding = 4; lastKnownFileType = sourcecode.c.objc; path = Functions.m; sourceTree = "<group>"; };
		EB26F57228FB3A9600AC96AE /* Report.m */ = {isa = PBXFileReference; fileEncoding = 4; lastKnownFileType = sourcecode.c.objc; path = Report.m; sourceTree = "<group>"; };
		EB26F57328FB3A9600AC96AE /* User.m */ = {isa = PBXFileReference; fileEncoding = 4; lastKnownFileType = sourcecode.c.objc; path = User.m; sourceTree = "<group>"; };
		EB26F57428FB3A9600AC96AE /* User.h */ = {isa = PBXFileReference; fileEncoding = 4; lastKnownFileType = sourcecode.c.h; path = User.h; sourceTree = "<group>"; };
		EB26F57528FB3A9600AC96AE /* Functions.h */ = {isa = PBXFileReference; fileEncoding = 4; lastKnownFileType = sourcecode.c.h; path = Functions.h; sourceTree = "<group>"; };
		EB26F57628FB3A9600AC96AE /* Report.h */ = {isa = PBXFileReference; fileEncoding = 4; lastKnownFileType = sourcecode.c.h; path = Report.h; sourceTree = "<group>"; };
		EB26F57728FB3A9600AC96AE /* Services.h */ = {isa = PBXFileReference; fileEncoding = 4; lastKnownFileType = sourcecode.c.h; path = Services.h; sourceTree = "<group>"; };
		EB26F57828FB3A9600AC96AE /* Artowrk.swift */ = {isa = PBXFileReference; fileEncoding = 4; lastKnownFileType = sourcecode.swift; path = Artowrk.swift; sourceTree = "<group>"; };
		EB26F57E28FB3A9F00AC96AE /* sun.png */ = {isa = PBXFileReference; lastKnownFileType = image.png; path = sun.png; sourceTree = "<group>"; };
		EB26F57F28FB3A9F00AC96AE /* few-clouds@2x.png */ = {isa = PBXFileReference; lastKnownFileType = image.png; path = "few-clouds@2x.png"; sourceTree = "<group>"; };
		EB26F58028FB3A9F00AC96AE /* few-clouds.png */ = {isa = PBXFileReference; lastKnownFileType = image.png; path = "few-clouds.png"; sourceTree = "<group>"; };
		EB26F58128FB3A9F00AC96AE /* logo_square.png */ = {isa = PBXFileReference; lastKnownFileType = image.png; path = logo_square.png; sourceTree = "<group>"; };
		EB26F58228FB3A9F00AC96AE /* map_icon@2x.png */ = {isa = PBXFileReference; lastKnownFileType = image.png; path = "map_icon@2x.png"; sourceTree = "<group>"; };
		EB26F58328FB3A9F00AC96AE /* comment@2x.png */ = {isa = PBXFileReference; lastKnownFileType = image.png; path = "comment@2x.png"; sourceTree = "<group>"; };
		EB26F58428FB3A9F00AC96AE /* map_icon@3x.png */ = {isa = PBXFileReference; lastKnownFileType = image.png; path = "map_icon@3x.png"; sourceTree = "<group>"; };
		EB26F58528FB3A9F00AC96AE /* report@2x.png */ = {isa = PBXFileReference; lastKnownFileType = image.png; path = "report@2x.png"; sourceTree = "<group>"; };
		EB26F58628FB3A9F00AC96AE /* comment@3x.png */ = {isa = PBXFileReference; lastKnownFileType = image.png; path = "comment@3x.png"; sourceTree = "<group>"; };
		EB26F58728FB3A9F00AC96AE /* comment.png */ = {isa = PBXFileReference; lastKnownFileType = image.png; path = comment.png; sourceTree = "<group>"; };
		EB26F58828FB3AA000AC96AE /* report.png */ = {isa = PBXFileReference; lastKnownFileType = image.png; path = report.png; sourceTree = "<group>"; };
		EB26F58928FB3AA000AC96AE /* map_icon.png */ = {isa = PBXFileReference; lastKnownFileType = image.png; path = map_icon.png; sourceTree = "<group>"; };
		EB26F58A28FB3AA000AC96AE /* world_icon.png */ = {isa = PBXFileReference; lastKnownFileType = image.png; path = world_icon.png; sourceTree = "<group>"; };
		EB26F58B28FB3AA000AC96AE /* camera@3x.png */ = {isa = PBXFileReference; lastKnownFileType = image.png; path = "camera@3x.png"; sourceTree = "<group>"; };
		EB26F58C28FB3AA000AC96AE /* cloudy@3x.png */ = {isa = PBXFileReference; lastKnownFileType = image.png; path = "cloudy@3x.png"; sourceTree = "<group>"; };
		EB26F58D28FB3AA000AC96AE /* report@3x.png */ = {isa = PBXFileReference; lastKnownFileType = image.png; path = "report@3x.png"; sourceTree = "<group>"; };
		EB26F58E28FB3AA000AC96AE /* cloudy.png */ = {isa = PBXFileReference; lastKnownFileType = image.png; path = cloudy.png; sourceTree = "<group>"; };
		EB26F58F28FB3AA000AC96AE /* cloudy@2x.png */ = {isa = PBXFileReference; lastKnownFileType = image.png; path = "cloudy@2x.png"; sourceTree = "<group>"; };
		EB26F59028FB3AA000AC96AE /* camera.png */ = {isa = PBXFileReference; lastKnownFileType = image.png; path = camera.png; sourceTree = "<group>"; };
		EB26F59128FB3AA000AC96AE /* sun@3x.png */ = {isa = PBXFileReference; lastKnownFileType = image.png; path = "sun@3x.png"; sourceTree = "<group>"; };
		EB26F59228FB3AA000AC96AE /* weather-icons-set-isolated-white-background-clouds-logo-sign-collection-black-blue-yellow-colors-simple-modern-176834343.jpeg */ = {isa = PBXFileReference; lastKnownFileType = image.jpeg; path = "weather-icons-set-isolated-white-background-clouds-logo-sign-collection-black-blue-yellow-colors-simple-modern-176834343.jpeg"; sourceTree = "<group>"; };
		EB26F59328FB3AA000AC96AE /* sun@2x.png */ = {isa = PBXFileReference; lastKnownFileType = image.png; path = "sun@2x.png"; sourceTree = "<group>"; };
		EB26F59428FB3AA000AC96AE /* camera@2x.png */ = {isa = PBXFileReference; lastKnownFileType = image.png; path = "camera@2x.png"; sourceTree = "<group>"; };
		EB26F59528FB3AA000AC96AE /* few-clouds@3x.png */ = {isa = PBXFileReference; lastKnownFileType = image.png; path = "few-clouds@3x.png"; sourceTree = "<group>"; };
		EB26F5AE28FB3AA300AC96AE /* ReportCollectionViewCell.swift */ = {isa = PBXFileReference; fileEncoding = 4; lastKnownFileType = sourcecode.swift; path = ReportCollectionViewCell.swift; sourceTree = "<group>"; };
		EB26F5B028FB4D7B00AC96AE /* capture_icon.png */ = {isa = PBXFileReference; lastKnownFileType = image.png; path = capture_icon.png; sourceTree = "<group>"; };
		EB26F5B128FB4D7B00AC96AE /* capture_icon@3x.png */ = {isa = PBXFileReference; lastKnownFileType = image.png; path = "capture_icon@3x.png"; sourceTree = "<group>"; };
		EB26F5B228FB4D7B00AC96AE /* capture_icon@2x.png */ = {isa = PBXFileReference; lastKnownFileType = image.png; path = "capture_icon@2x.png"; sourceTree = "<group>"; };
		EB26F5B628FB4E4100AC96AE /* change_view@3x.png */ = {isa = PBXFileReference; lastKnownFileType = image.png; path = "change_view@3x.png"; sourceTree = "<group>"; };
		EB26F5B728FB4E4100AC96AE /* change_view.png */ = {isa = PBXFileReference; lastKnownFileType = image.png; path = change_view.png; sourceTree = "<group>"; };
		EB26F5B828FB4E4100AC96AE /* change_view@2x.png */ = {isa = PBXFileReference; lastKnownFileType = image.png; path = "change_view@2x.png"; sourceTree = "<group>"; };
		EB26F5BC28FB530C00AC96AE /* CompassHeading.swift */ = {isa = PBXFileReference; fileEncoding = 4; lastKnownFileType = sourcecode.swift; path = CompassHeading.swift; sourceTree = "<group>"; };
		EB26F5BD28FB530C00AC96AE /* ContentView.swift */ = {isa = PBXFileReference; fileEncoding = 4; lastKnownFileType = sourcecode.swift; path = ContentView.swift; sourceTree = "<group>"; };
		EB74698C2904A8C5003D4314 /* Weathericon.h */ = {isa = PBXFileReference; lastKnownFileType = sourcecode.c.h; path = Weathericon.h; sourceTree = "<group>"; };
		EB74698D2904A8C5003D4314 /* Weathericon.m */ = {isa = PBXFileReference; lastKnownFileType = sourcecode.c.objc; path = Weathericon.m; sourceTree = "<group>"; };
/* End PBXFileReference section */

/* Begin PBXFrameworksBuildPhase section */
		EB26F54428FB399D00AC96AE /* Frameworks */ = {
			isa = PBXFrameworksBuildPhase;
			buildActionMask = 2147483647;
			files = (
				95DDD0E5C9048B94A9B5D4A0 /* Pods_Skyapp.framework in Frameworks */,
			);
			runOnlyForDeploymentPostprocessing = 0;
		};
/* End PBXFrameworksBuildPhase section */

/* Begin PBXGroup section */
		8E7E70CC0B68B6C02C7E2A17 /* Frameworks */ = {
			isa = PBXGroup;
			children = (
				0FE8316D857262F02666A3B6 /* Pods_Skyapp.framework */,
			);
			name = Frameworks;
			sourceTree = "<group>";
		};
		9C6EA5B24FFC7F1F4E39876F /* Pods */ = {
			isa = PBXGroup;
			children = (
				6312CEDC2DE832900664F4DA /* Pods-Skyapp.debug.xcconfig */,
				6B624FB4DE9970138134B71D /* Pods-Skyapp.release.xcconfig */,
			);
			path = Pods;
			sourceTree = "<group>";
		};
		EB26F53E28FB399D00AC96AE = {
			isa = PBXGroup;
			children = (
				EB26F54928FB399D00AC96AE /* Skyapp */,
				EB26F54828FB399D00AC96AE /* Products */,
				9C6EA5B24FFC7F1F4E39876F /* Pods */,
				8E7E70CC0B68B6C02C7E2A17 /* Frameworks */,
			);
			sourceTree = "<group>";
		};
		EB26F54828FB399D00AC96AE /* Products */ = {
			isa = PBXGroup;
			children = (
				EB26F54728FB399D00AC96AE /* Skyapp.app */,
			);
			name = Products;
			sourceTree = "<group>";
		};
		EB26F54928FB399D00AC96AE /* Skyapp */ = {
			isa = PBXGroup;
			children = (
				EB26F5BC28FB530C00AC96AE /* CompassHeading.swift */,
				EB26F5BD28FB530C00AC96AE /* ContentView.swift */,
				EB26F56328FB3A4A00AC96AE /* cells */,
				EB26F56428FB3A4A00AC96AE /* images */,
				EB26F56528FB3A4A00AC96AE /* models */,
				EB26F56628FB3A4A00AC96AE /* viewcontrollers */,
				EB26F54A28FB399D00AC96AE /* AppDelegate.h */,
				EB26F54B28FB399D00AC96AE /* AppDelegate.m */,
				EB26F55328FB399E00AC96AE /* Main.storyboard */,
				EB26F55628FB399F00AC96AE /* Assets.xcassets */,
				EB26F55828FB399F00AC96AE /* LaunchScreen.storyboard */,
				EB26F55B28FB399F00AC96AE /* Info.plist */,
				EB26F55C28FB399F00AC96AE /* main.m */,
			);
			path = Skyapp;
			sourceTree = "<group>";
		};
		EB26F56328FB3A4A00AC96AE /* cells */ = {
			isa = PBXGroup;
			children = (
				EB26F5AE28FB3AA300AC96AE /* ReportCollectionViewCell.swift */,
				EB0AA3D3290246BE00528C4D /* IconCollectionViewCell.swift */,
			);
			path = cells;
			sourceTree = "<group>";
		};
		EB26F56428FB3A4A00AC96AE /* images */ = {
			isa = PBXGroup;
			children = (
				EB0AA3CB290239D800528C4D /* user_profile.png */,
				EB0AA3CC290239D800528C4D /* user_profile@2x.png */,
				EB0AA3CD290239D800528C4D /* user_profile@3x.png */,
				EB0AA3C529005E9C00528C4D /* cmara_icon.png */,
				EB0AA3C729005E9C00528C4D /* cmara_icon@2x.png */,
				EB0AA3C629005E9C00528C4D /* cmara_icon@3x.png */,
				EB26F5B728FB4E4100AC96AE /* change_view.png */,
				EB26F5B828FB4E4100AC96AE /* change_view@2x.png */,
				EB26F5B628FB4E4100AC96AE /* change_view@3x.png */,
				EB26F5B028FB4D7B00AC96AE /* capture_icon.png */,
				EB26F5B228FB4D7B00AC96AE /* capture_icon@2x.png */,
				EB26F5B128FB4D7B00AC96AE /* capture_icon@3x.png */,
				EB26F59028FB3AA000AC96AE /* camera.png */,
				EB26F59428FB3AA000AC96AE /* camera@2x.png */,
				EB26F58B28FB3AA000AC96AE /* camera@3x.png */,
				EB26F58E28FB3AA000AC96AE /* cloudy.png */,
				EB26F58F28FB3AA000AC96AE /* cloudy@2x.png */,
				EB26F58C28FB3AA000AC96AE /* cloudy@3x.png */,
				EB26F58728FB3A9F00AC96AE /* comment.png */,
				EB26F58328FB3A9F00AC96AE /* comment@2x.png */,
				EB26F58628FB3A9F00AC96AE /* comment@3x.png */,
				EB26F58028FB3A9F00AC96AE /* few-clouds.png */,
				EB26F57F28FB3A9F00AC96AE /* few-clouds@2x.png */,
				EB26F59528FB3AA000AC96AE /* few-clouds@3x.png */,
				EB26F58128FB3A9F00AC96AE /* logo_square.png */,
				EB26F58928FB3AA000AC96AE /* map_icon.png */,
				EB26F58228FB3A9F00AC96AE /* map_icon@2x.png */,
				EB26F58428FB3A9F00AC96AE /* map_icon@3x.png */,
				EB26F58828FB3AA000AC96AE /* report.png */,
				EB26F58528FB3A9F00AC96AE /* report@2x.png */,
				EB26F58D28FB3AA000AC96AE /* report@3x.png */,
				EB26F57E28FB3A9F00AC96AE /* sun.png */,
				EB26F59328FB3AA000AC96AE /* sun@2x.png */,
				EB26F59128FB3AA000AC96AE /* sun@3x.png */,
				EB26F59228FB3AA000AC96AE /* weather-icons-set-isolated-white-background-clouds-logo-sign-collection-black-blue-yellow-colors-simple-modern-176834343.jpeg */,
				EB26F58A28FB3AA000AC96AE /* world_icon.png */,
			);
			path = images;
			sourceTree = "<group>";
		};
		EB26F56528FB3A4A00AC96AE /* models */ = {
			isa = PBXGroup;
			children = (
				EB26F57828FB3A9600AC96AE /* Artowrk.swift */,
				EB26F57528FB3A9600AC96AE /* Functions.h */,
				EB26F57128FB3A9600AC96AE /* Functions.m */,
				EB26F57628FB3A9600AC96AE /* Report.h */,
				EB26F57228FB3A9600AC96AE /* Report.m */,
				EB26F57728FB3A9600AC96AE /* Services.h */,
				EB26F57028FB3A9600AC96AE /* Services.m */,
				EB26F57428FB3A9600AC96AE /* User.h */,
				EB26F57328FB3A9600AC96AE /* User.m */,
				EB74698C2904A8C5003D4314 /* Weathericon.h */,
				EB74698D2904A8C5003D4314 /* Weathericon.m */,
			);
			path = models;
			sourceTree = "<group>";
		};
		EB26F56628FB3A4A00AC96AE /* viewcontrollers */ = {
			isa = PBXGroup;
			children = (
				EB26F56928FB3A8400AC96AE /* CameraCompassViewController.swift */,
				EB26F56B28FB3A8400AC96AE /* FormerReportsViewController.swift */,
				EB26F56A28FB3A8400AC96AE /* MapViewController.swift */,
				EB26F56828FB3A8400AC96AE /* ReportViewController.swift */,
				EB26F56728FB3A8400AC96AE /* Skyapp-Bridging-Header.h */,
				EB1CB28228FF476D00EE3C0F /* ReportsListViewController.swift */,
				EB1CB28428FF4C9000EE3C0F /* SwiftUIAdapter.swift */,
				EB1CB28628FF4CD100EE3C0F /* WrappedView.swift */,
				EB0AA3D129023B1000528C4D /* ProfileViewController.swift */,
			);
			path = viewcontrollers;
			sourceTree = "<group>";
		};
/* End PBXGroup section */

/* Begin PBXNativeTarget section */
		EB26F54628FB399D00AC96AE /* Skyapp */ = {
			isa = PBXNativeTarget;
			buildConfigurationList = EB26F56028FB399F00AC96AE /* Build configuration list for PBXNativeTarget "Skyapp" */;
			buildPhases = (
				AD371A4AF6ECD0131DF2539E /* [CP] Check Pods Manifest.lock */,
				EB26F54328FB399D00AC96AE /* Sources */,
				EB26F54428FB399D00AC96AE /* Frameworks */,
				EB26F54528FB399D00AC96AE /* Resources */,
				4B729E4DFA63CD884A21452E /* [CP] Embed Pods Frameworks */,
			);
			buildRules = (
			);
			dependencies = (
			);
			name = Skyapp;
			productName = Skyapp;
			productReference = EB26F54728FB399D00AC96AE /* Skyapp.app */;
			productType = "com.apple.product-type.application";
		};
/* End PBXNativeTarget section */

/* Begin PBXProject section */
		EB26F53F28FB399D00AC96AE /* Project object */ = {
			isa = PBXProject;
			attributes = {
				BuildIndependentTargetsInParallel = 1;
				LastUpgradeCheck = 1400;
				TargetAttributes = {
					EB26F54628FB399D00AC96AE = {
						CreatedOnToolsVersion = 14.0;
						LastSwiftMigration = 1400;
					};
				};
			};
			buildConfigurationList = EB26F54228FB399D00AC96AE /* Build configuration list for PBXProject "Skyapp" */;
			compatibilityVersion = "Xcode 14.0";
			developmentRegion = en;
			hasScannedForEncodings = 0;
			knownRegions = (
				en,
				Base,
			);
			mainGroup = EB26F53E28FB399D00AC96AE;
			productRefGroup = EB26F54828FB399D00AC96AE /* Products */;
			projectDirPath = "";
			projectRoot = "";
			targets = (
				EB26F54628FB399D00AC96AE /* Skyapp */,
			);
		};
/* End PBXProject section */

/* Begin PBXResourcesBuildPhase section */
		EB26F54528FB399D00AC96AE /* Resources */ = {
			isa = PBXResourcesBuildPhase;
			buildActionMask = 2147483647;
			files = (
				EB26F5A828FB3AA000AC96AE /* camera.png in Resources */,
				EB26F59628FB3AA000AC96AE /* sun.png in Resources */,
				EB26F5BA28FB4E4100AC96AE /* change_view.png in Resources */,
				EB26F5A428FB3AA000AC96AE /* cloudy@3x.png in Resources */,
				EB0AA3C929005E9C00528C4D /* cmara_icon@3x.png in Resources */,
				EB26F5A228FB3AA000AC96AE /* world_icon.png in Resources */,
				EB26F59728FB3AA000AC96AE /* few-clouds@2x.png in Resources */,
				EB26F59A28FB3AA000AC96AE /* map_icon@2x.png in Resources */,
				EB26F5B528FB4D7B00AC96AE /* capture_icon@2x.png in Resources */,
				EB26F59C28FB3AA000AC96AE /* map_icon@3x.png in Resources */,
				EB26F59928FB3AA000AC96AE /* logo_square.png in Resources */,
				EB26F5AD28FB3AA000AC96AE /* few-clouds@3x.png in Resources */,
				EB26F59B28FB3AA000AC96AE /* comment@2x.png in Resources */,
				EB26F5AC28FB3AA000AC96AE /* camera@2x.png in Resources */,
				EB26F59828FB3AA000AC96AE /* few-clouds.png in Resources */,
				EB26F59D28FB3AA000AC96AE /* report@2x.png in Resources */,
				EB26F5AA28FB3AA000AC96AE /* weather-icons-set-isolated-white-background-clouds-logo-sign-collection-black-blue-yellow-colors-simple-modern-176834343.jpeg in Resources */,
				EB26F5A528FB3AA000AC96AE /* report@3x.png in Resources */,
				EB26F55A28FB399F00AC96AE /* LaunchScreen.storyboard in Resources */,
				EB26F55728FB399F00AC96AE /* Assets.xcassets in Resources */,
				EB26F5A628FB3AA000AC96AE /* cloudy.png in Resources */,
				EB26F5A128FB3AA000AC96AE /* map_icon.png in Resources */,
				EB26F5B328FB4D7B00AC96AE /* capture_icon.png in Resources */,
				EB26F5A328FB3AA000AC96AE /* camera@3x.png in Resources */,
				EB26F5B928FB4E4100AC96AE /* change_view@3x.png in Resources */,
				EB26F5B428FB4D7B00AC96AE /* capture_icon@3x.png in Resources */,
				EB26F55528FB399E00AC96AE /* Main.storyboard in Resources */,
				EB26F59F28FB3AA000AC96AE /* comment.png in Resources */,
				EB26F59E28FB3AA000AC96AE /* comment@3x.png in Resources */,
				EB0AA3D0290239D800528C4D /* user_profile@3x.png in Resources */,
				EB0AA3CE290239D800528C4D /* user_profile.png in Resources */,
				EB26F5A728FB3AA000AC96AE /* cloudy@2x.png in Resources */,
				EB0AA3CF290239D800528C4D /* user_profile@2x.png in Resources */,
				EB26F5AB28FB3AA000AC96AE /* sun@2x.png in Resources */,
				EB26F5A028FB3AA000AC96AE /* report.png in Resources */,
				EB0AA3C829005E9C00528C4D /* cmara_icon.png in Resources */,
				EB26F5A928FB3AA000AC96AE /* sun@3x.png in Resources */,
				EB0AA3CA29005E9C00528C4D /* cmara_icon@2x.png in Resources */,
				EB26F5BB28FB4E4100AC96AE /* change_view@2x.png in Resources */,
			);
			runOnlyForDeploymentPostprocessing = 0;
		};
/* End PBXResourcesBuildPhase section */

/* Begin PBXShellScriptBuildPhase section */
		4B729E4DFA63CD884A21452E /* [CP] Embed Pods Frameworks */ = {
			isa = PBXShellScriptBuildPhase;
			buildActionMask = 2147483647;
			files = (
			);
			inputFileListPaths = (
				"${PODS_ROOT}/Target Support Files/Pods-Skyapp/Pods-Skyapp-frameworks-${CONFIGURATION}-input-files.xcfilelist",
			);
			name = "[CP] Embed Pods Frameworks";
			outputFileListPaths = (
				"${PODS_ROOT}/Target Support Files/Pods-Skyapp/Pods-Skyapp-frameworks-${CONFIGURATION}-output-files.xcfilelist",
			);
			runOnlyForDeploymentPostprocessing = 0;
			shellPath = /bin/sh;
			shellScript = "\"${PODS_ROOT}/Target Support Files/Pods-Skyapp/Pods-Skyapp-frameworks.sh\"\n";
			showEnvVarsInLog = 0;
		};
		AD371A4AF6ECD0131DF2539E /* [CP] Check Pods Manifest.lock */ = {
			isa = PBXShellScriptBuildPhase;
			buildActionMask = 2147483647;
			files = (
			);
			inputFileListPaths = (
			);
			inputPaths = (
				"${PODS_PODFILE_DIR_PATH}/Podfile.lock",
				"${PODS_ROOT}/Manifest.lock",
			);
			name = "[CP] Check Pods Manifest.lock";
			outputFileListPaths = (
			);
			outputPaths = (
				"$(DERIVED_FILE_DIR)/Pods-Skyapp-checkManifestLockResult.txt",
			);
			runOnlyForDeploymentPostprocessing = 0;
			shellPath = /bin/sh;
			shellScript = "diff \"${PODS_PODFILE_DIR_PATH}/Podfile.lock\" \"${PODS_ROOT}/Manifest.lock\" > /dev/null\nif [ $? != 0 ] ; then\n    # print error to STDERR\n    echo \"error: The sandbox is not in sync with the Podfile.lock. Run 'pod install' or update your CocoaPods installation.\" >&2\n    exit 1\nfi\n# This output is used by Xcode 'outputs' to avoid re-running this script phase.\necho \"SUCCESS\" > \"${SCRIPT_OUTPUT_FILE_0}\"\n";
			showEnvVarsInLog = 0;
		};
/* End PBXShellScriptBuildPhase section */

/* Begin PBXSourcesBuildPhase section */
		EB26F54328FB399D00AC96AE /* Sources */ = {
			isa = PBXSourcesBuildPhase;
			buildActionMask = 2147483647;
			files = (
				EB26F5AF28FB3AA300AC96AE /* ReportCollectionViewCell.swift in Sources */,
				EB26F57C28FB3A9600AC96AE /* User.m in Sources */,
				EB26F5BF28FB530C00AC96AE /* ContentView.swift in Sources */,
				EB26F54C28FB399D00AC96AE /* AppDelegate.m in Sources */,
				EB26F57D28FB3A9600AC96AE /* Artowrk.swift in Sources */,
				EB26F5BE28FB530C00AC96AE /* CompassHeading.swift in Sources */,
				EB0AA3D229023B1000528C4D /* ProfileViewController.swift in Sources */,
				EB26F56F28FB3A8400AC96AE /* FormerReportsViewController.swift in Sources */,
				EB26F55D28FB399F00AC96AE /* main.m in Sources */,
				EB26F57B28FB3A9600AC96AE /* Report.m in Sources */,
				EB26F56D28FB3A8400AC96AE /* CameraCompassViewController.swift in Sources */,
				EB0AA3D4290246BE00528C4D /* IconCollectionViewCell.swift in Sources */,
				EB26F56E28FB3A8400AC96AE /* MapViewController.swift in Sources */,
				EB1CB28528FF4C9000EE3C0F /* SwiftUIAdapter.swift in Sources */,
				EB26F57928FB3A9600AC96AE /* Services.m in Sources */,
				EB1CB28328FF476D00EE3C0F /* ReportsListViewController.swift in Sources */,
				EB26F56C28FB3A8400AC96AE /* ReportViewController.swift in Sources */,
				EB74698E2904A8C5003D4314 /* Weathericon.m in Sources */,
				EB1CB28728FF4CD100EE3C0F /* WrappedView.swift in Sources */,
				EB26F57A28FB3A9600AC96AE /* Functions.m in Sources */,
			);
			runOnlyForDeploymentPostprocessing = 0;
		};
/* End PBXSourcesBuildPhase section */

/* Begin PBXVariantGroup section */
		EB26F55328FB399E00AC96AE /* Main.storyboard */ = {
			isa = PBXVariantGroup;
			children = (
				EB26F55428FB399E00AC96AE /* Base */,
			);
			name = Main.storyboard;
			sourceTree = "<group>";
		};
		EB26F55828FB399F00AC96AE /* LaunchScreen.storyboard */ = {
			isa = PBXVariantGroup;
			children = (
				EB26F55928FB399F00AC96AE /* Base */,
			);
			name = LaunchScreen.storyboard;
			sourceTree = "<group>";
		};
/* End PBXVariantGroup section */

/* Begin XCBuildConfiguration section */
		EB26F55E28FB399F00AC96AE /* Debug */ = {
			isa = XCBuildConfiguration;
			buildSettings = {
				ALWAYS_SEARCH_USER_PATHS = NO;
				CLANG_ANALYZER_NONNULL = YES;
				CLANG_ANALYZER_NUMBER_OBJECT_CONVERSION = YES_AGGRESSIVE;
				CLANG_CXX_LANGUAGE_STANDARD = "gnu++20";
				CLANG_ENABLE_MODULES = YES;
				CLANG_ENABLE_OBJC_ARC = YES;
				CLANG_ENABLE_OBJC_WEAK = YES;
				CLANG_WARN_BLOCK_CAPTURE_AUTORELEASING = YES;
				CLANG_WARN_BOOL_CONVERSION = YES;
				CLANG_WARN_COMMA = YES;
				CLANG_WARN_CONSTANT_CONVERSION = YES;
				CLANG_WARN_DEPRECATED_OBJC_IMPLEMENTATIONS = YES;
				CLANG_WARN_DIRECT_OBJC_ISA_USAGE = YES_ERROR;
				CLANG_WARN_DOCUMENTATION_COMMENTS = YES;
				CLANG_WARN_EMPTY_BODY = YES;
				CLANG_WARN_ENUM_CONVERSION = YES;
				CLANG_WARN_INFINITE_RECURSION = YES;
				CLANG_WARN_INT_CONVERSION = YES;
				CLANG_WARN_NON_LITERAL_NULL_CONVERSION = YES;
				CLANG_WARN_OBJC_IMPLICIT_RETAIN_SELF = YES;
				CLANG_WARN_OBJC_LITERAL_CONVERSION = YES;
				CLANG_WARN_OBJC_ROOT_CLASS = YES_ERROR;
				CLANG_WARN_QUOTED_INCLUDE_IN_FRAMEWORK_HEADER = YES;
				CLANG_WARN_RANGE_LOOP_ANALYSIS = YES;
				CLANG_WARN_STRICT_PROTOTYPES = YES;
				CLANG_WARN_SUSPICIOUS_MOVE = YES;
				CLANG_WARN_UNGUARDED_AVAILABILITY = YES_AGGRESSIVE;
				CLANG_WARN_UNREACHABLE_CODE = YES;
				CLANG_WARN__DUPLICATE_METHOD_MATCH = YES;
				COPY_PHASE_STRIP = NO;
				DEBUG_INFORMATION_FORMAT = dwarf;
				ENABLE_STRICT_OBJC_MSGSEND = YES;
				ENABLE_TESTABILITY = YES;
				GCC_C_LANGUAGE_STANDARD = gnu11;
				GCC_DYNAMIC_NO_PIC = NO;
				GCC_NO_COMMON_BLOCKS = YES;
				GCC_OPTIMIZATION_LEVEL = 0;
				GCC_PREPROCESSOR_DEFINITIONS = (
					"DEBUG=1",
					"$(inherited)",
				);
				GCC_WARN_64_TO_32_BIT_CONVERSION = YES;
				GCC_WARN_ABOUT_RETURN_TYPE = YES_ERROR;
				GCC_WARN_UNDECLARED_SELECTOR = YES;
				GCC_WARN_UNINITIALIZED_AUTOS = YES_AGGRESSIVE;
				GCC_WARN_UNUSED_FUNCTION = YES;
				GCC_WARN_UNUSED_VARIABLE = YES;
				IPHONEOS_DEPLOYMENT_TARGET = 16.0;
				MTL_ENABLE_DEBUG_INFO = INCLUDE_SOURCE;
				MTL_FAST_MATH = YES;
				ONLY_ACTIVE_ARCH = YES;
				SDKROOT = iphoneos;
			};
			name = Debug;
		};
		EB26F55F28FB399F00AC96AE /* Release */ = {
			isa = XCBuildConfiguration;
			buildSettings = {
				ALWAYS_SEARCH_USER_PATHS = NO;
				CLANG_ANALYZER_NONNULL = YES;
				CLANG_ANALYZER_NUMBER_OBJECT_CONVERSION = YES_AGGRESSIVE;
				CLANG_CXX_LANGUAGE_STANDARD = "gnu++20";
				CLANG_ENABLE_MODULES = YES;
				CLANG_ENABLE_OBJC_ARC = YES;
				CLANG_ENABLE_OBJC_WEAK = YES;
				CLANG_WARN_BLOCK_CAPTURE_AUTORELEASING = YES;
				CLANG_WARN_BOOL_CONVERSION = YES;
				CLANG_WARN_COMMA = YES;
				CLANG_WARN_CONSTANT_CONVERSION = YES;
				CLANG_WARN_DEPRECATED_OBJC_IMPLEMENTATIONS = YES;
				CLANG_WARN_DIRECT_OBJC_ISA_USAGE = YES_ERROR;
				CLANG_WARN_DOCUMENTATION_COMMENTS = YES;
				CLANG_WARN_EMPTY_BODY = YES;
				CLANG_WARN_ENUM_CONVERSION = YES;
				CLANG_WARN_INFINITE_RECURSION = YES;
				CLANG_WARN_INT_CONVERSION = YES;
				CLANG_WARN_NON_LITERAL_NULL_CONVERSION = YES;
				CLANG_WARN_OBJC_IMPLICIT_RETAIN_SELF = YES;
				CLANG_WARN_OBJC_LITERAL_CONVERSION = YES;
				CLANG_WARN_OBJC_ROOT_CLASS = YES_ERROR;
				CLANG_WARN_QUOTED_INCLUDE_IN_FRAMEWORK_HEADER = YES;
				CLANG_WARN_RANGE_LOOP_ANALYSIS = YES;
				CLANG_WARN_STRICT_PROTOTYPES = YES;
				CLANG_WARN_SUSPICIOUS_MOVE = YES;
				CLANG_WARN_UNGUARDED_AVAILABILITY = YES_AGGRESSIVE;
				CLANG_WARN_UNREACHABLE_CODE = YES;
				CLANG_WARN__DUPLICATE_METHOD_MATCH = YES;
				COPY_PHASE_STRIP = NO;
				DEBUG_INFORMATION_FORMAT = "dwarf-with-dsym";
				ENABLE_NS_ASSERTIONS = NO;
				ENABLE_STRICT_OBJC_MSGSEND = YES;
				GCC_C_LANGUAGE_STANDARD = gnu11;
				GCC_NO_COMMON_BLOCKS = YES;
				GCC_WARN_64_TO_32_BIT_CONVERSION = YES;
				GCC_WARN_ABOUT_RETURN_TYPE = YES_ERROR;
				GCC_WARN_UNDECLARED_SELECTOR = YES;
				GCC_WARN_UNINITIALIZED_AUTOS = YES_AGGRESSIVE;
				GCC_WARN_UNUSED_FUNCTION = YES;
				GCC_WARN_UNUSED_VARIABLE = YES;
				IPHONEOS_DEPLOYMENT_TARGET = 16.0;
				MTL_ENABLE_DEBUG_INFO = NO;
				MTL_FAST_MATH = YES;
				SDKROOT = iphoneos;
				VALIDATE_PRODUCT = YES;
			};
			name = Release;
		};
		EB26F56128FB399F00AC96AE /* Debug */ = {
			isa = XCBuildConfiguration;
			baseConfigurationReference = 6312CEDC2DE832900664F4DA /* Pods-Skyapp.debug.xcconfig */;
			buildSettings = {
				ASSETCATALOG_COMPILER_APPICON_NAME = AppIcon;
				ASSETCATALOG_COMPILER_GLOBAL_ACCENT_COLOR_NAME = AccentColor;
				CLANG_ENABLE_MODULES = YES;
				CODE_SIGN_IDENTITY = "Apple Development";
				"CODE_SIGN_IDENTITY[sdk=iphoneos*]" = "iPhone Distribution";
				CODE_SIGN_STYLE = Manual;
				CURRENT_PROJECT_VERSION = 11;
				DEVELOPMENT_TEAM = "";
				"DEVELOPMENT_TEAM[sdk=iphoneos*]" = 2FZFUM8QE2;
				GENERATE_INFOPLIST_FILE = YES;
				INFOPLIST_FILE = Skyapp/Info.plist;
				INFOPLIST_KEY_CFBundleDisplayName = SKyGaze;
				INFOPLIST_KEY_NSAppleMusicUsageDescription = "SkyGaze requests access to your library so you can upload pictures";
				INFOPLIST_KEY_NSCameraUsageDescription = "Sky gaze requests access to your camera to take pictures";
				INFOPLIST_KEY_NSLocationAlwaysAndWhenInUseUsageDescription = "Skygaze requests your location to upload the most updated location of your pictures";
				INFOPLIST_KEY_NSLocationAlwaysUsageDescription = "Skygaze requests your location to upload the most updated location of your pictures";
				INFOPLIST_KEY_NSLocationUsageDescription = "Skygaze requests your location to upload the most updated location of your pictures";
				INFOPLIST_KEY_NSLocationWhenInUseUsageDescription = "Skygaze requests your location to upload the most updated location of your pictures";
				INFOPLIST_KEY_UIApplicationSupportsIndirectInputEvents = YES;
				INFOPLIST_KEY_UILaunchStoryboardName = LaunchScreen;
				INFOPLIST_KEY_UIMainStoryboardFile = Main;
				INFOPLIST_KEY_UIRequiredDeviceCapabilities = armv7;
				INFOPLIST_KEY_UISupportedInterfaceOrientations_iPad = "UIInterfaceOrientationPortrait UIInterfaceOrientationPortraitUpsideDown UIInterfaceOrientationLandscapeLeft UIInterfaceOrientationLandscapeRight";
				INFOPLIST_KEY_UISupportedInterfaceOrientations_iPhone = "UIInterfaceOrientationPortrait UIInterfaceOrientationLandscapeLeft UIInterfaceOrientationLandscapeRight";
				IPHONEOS_DEPLOYMENT_TARGET = 13.0;
				LD_RUNPATH_SEARCH_PATHS = (
					"$(inherited)",
					"@executable_path/Frameworks",
				);
				MARKETING_VERSION = 1.0.0;
				PRODUCT_BUNDLE_IDENTIFIER = com.skygaze.app;
				PRODUCT_NAME = "$(TARGET_NAME)";
				PROVISIONING_PROFILE_SPECIFIER = "";
				"PROVISIONING_PROFILE_SPECIFIER[sdk=iphoneos*]" = skygazeadhoc;
				SUPPORTED_PLATFORMS = "iphoneos iphonesimulator";
				SUPPORTS_MACCATALYST = NO;
				SUPPORTS_MAC_DESIGNED_FOR_IPHONE_IPAD = NO;
				SWIFT_EMIT_LOC_STRINGS = YES;
				SWIFT_OBJC_BRIDGING_HEADER = "Skyapp/viewcontrollers/Skyapp-Bridging-Header.h";
				SWIFT_OPTIMIZATION_LEVEL = "-Onone";
				SWIFT_VERSION = 5.0;
				TARGETED_DEVICE_FAMILY = 1;
			};
			name = Debug;
		};
		EB26F56228FB399F00AC96AE /* Release */ = {
			isa = XCBuildConfiguration;
			baseConfigurationReference = 6B624FB4DE9970138134B71D /* Pods-Skyapp.release.xcconfig */;
			buildSettings = {
				ASSETCATALOG_COMPILER_APPICON_NAME = AppIcon;
				ASSETCATALOG_COMPILER_GLOBAL_ACCENT_COLOR_NAME = AccentColor;
				CLANG_ENABLE_MODULES = YES;
				CODE_SIGN_IDENTITY = "Apple Development";
				"CODE_SIGN_IDENTITY[sdk=iphoneos*]" = "iPhone Distribution";
				CODE_SIGN_STYLE = Manual;
				CURRENT_PROJECT_VERSION = 11;
				DEVELOPMENT_TEAM = "";
				"DEVELOPMENT_TEAM[sdk=iphoneos*]" = 2FZFUM8QE2;
				GENERATE_INFOPLIST_FILE = YES;
				INFOPLIST_FILE = Skyapp/Info.plist;
				INFOPLIST_KEY_CFBundleDisplayName = SKyGaze;
				INFOPLIST_KEY_NSAppleMusicUsageDescription = "SkyGaze requests access to your library so you can upload pictures";
				INFOPLIST_KEY_NSCameraUsageDescription = "Sky gaze requests access to your camera to take pictures";
				INFOPLIST_KEY_NSLocationAlwaysAndWhenInUseUsageDescription = "Skygaze requests your location to upload the most updated location of your pictures";
				INFOPLIST_KEY_NSLocationAlwaysUsageDescription = "Skygaze requests your location to upload the most updated location of your pictures";
				INFOPLIST_KEY_NSLocationUsageDescription = "Skygaze requests your location to upload the most updated location of your pictures";
				INFOPLIST_KEY_NSLocationWhenInUseUsageDescription = "Skygaze requests your location to upload the most updated location of your pictures";
				INFOPLIST_KEY_UIApplicationSupportsIndirectInputEvents = YES;
				INFOPLIST_KEY_UILaunchStoryboardName = LaunchScreen;
				INFOPLIST_KEY_UIMainStoryboardFile = Main;
				INFOPLIST_KEY_UIRequiredDeviceCapabilities = armv7;
				INFOPLIST_KEY_UISupportedInterfaceOrientations_iPad = "UIInterfaceOrientationPortrait UIInterfaceOrientationPortraitUpsideDown UIInterfaceOrientationLandscapeLeft UIInterfaceOrientationLandscapeRight";
				INFOPLIST_KEY_UISupportedInterfaceOrientations_iPhone = "UIInterfaceOrientationPortrait UIInterfaceOrientationLandscapeLeft UIInterfaceOrientationLandscapeRight";
				IPHONEOS_DEPLOYMENT_TARGET = 13.0;
				LD_RUNPATH_SEARCH_PATHS = (
					"$(inherited)",
					"@executable_path/Frameworks",
				);
				MARKETING_VERSION = 1.0.0;
				PRODUCT_BUNDLE_IDENTIFIER = com.skygaze.app;
				PRODUCT_NAME = "$(TARGET_NAME)";
				PROVISIONING_PROFILE_SPECIFIER = "";
				"PROVISIONING_PROFILE_SPECIFIER[sdk=iphoneos*]" = skygazeadhoc;
				SUPPORTED_PLATFORMS = "iphoneos iphonesimulator";
				SUPPORTS_MACCATALYST = NO;
				SUPPORTS_MAC_DESIGNED_FOR_IPHONE_IPAD = NO;
				SWIFT_EMIT_LOC_STRINGS = YES;
				SWIFT_OBJC_BRIDGING_HEADER = "Skyapp/viewcontrollers/Skyapp-Bridging-Header.h";
				SWIFT_VERSION = 5.0;
				TARGETED_DEVICE_FAMILY = 1;
			};
			name = Release;
		};
/* End XCBuildConfiguration section */

/* Begin XCConfigurationList section */
		EB26F54228FB399D00AC96AE /* Build configuration list for PBXProject "Skyapp" */ = {
			isa = XCConfigurationList;
			buildConfigurations = (
				EB26F55E28FB399F00AC96AE /* Debug */,
				EB26F55F28FB399F00AC96AE /* Release */,
			);
			defaultConfigurationIsVisible = 0;
			defaultConfigurationName = Release;
		};
		EB26F56028FB399F00AC96AE /* Build configuration list for PBXNativeTarget "Skyapp" */ = {
			isa = XCConfigurationList;
			buildConfigurations = (
				EB26F56128FB399F00AC96AE /* Debug */,
				EB26F56228FB399F00AC96AE /* Release */,
			);
			defaultConfigurationIsVisible = 0;
			defaultConfigurationName = Release;
		};
/* End XCConfigurationList section */
	};
	rootObject = EB26F53F28FB399D00AC96AE /* Project object */;
}
